
Microsoft Visual Studio Solution File, Format Version 12.00
# Visual Studio Version 17
VisualStudioVersion = 17.6.33815.320
MinimumVisualStudioVersion = 10.0.40219.1
Project("{FAE04EC0-301F-11D3-BF4B-00C04F79EFBC}") = "M03.UF2.activitat1", "M03.UF2.activitat1\M03.UF2.activitat1.csproj", "{FA48AC2A-EFA5-4D79-82AD-B9436B4DA750}"
EndProject
Global
	GlobalSection(SolutionConfigurationPlatforms) = preSolution
		Debug|Any CPU = Debug|Any CPU
		Release|Any CPU = Release|Any CPU
	EndGlobalSection
	GlobalSection(ProjectConfigurationPlatforms) = postSolution
		{FA48AC2A-EFA5-4D79-82AD-B9436B4DA750}.Debug|Any CPU.ActiveCfg = Debug|Any CPU
		{FA48AC2A-EFA5-4D79-82AD-B9436B4DA750}.Debug|Any CPU.Build.0 = Debug|Any CPU
		{FA48AC2A-EFA5-4D79-82AD-B9436B4DA750}.Release|Any CPU.ActiveCfg = Release|Any CPU
		{FA48AC2A-EFA5-4D79-82AD-B9436B4DA750}.Release|Any CPU.Build.0 = Release|Any CPU
	EndGlobalSection
	GlobalSection(SolutionProperties) = preSolution
		HideSolutionNode = FALSE
	EndGlobalSection
	GlobalSection(ExtensibilityGlobals) = postSolution
		SolutionGuid = {DEBD5690-8310-4AC5-8E74-0B98E731C97C}
	EndGlobalSection
EndGlobal
